PODS:
  - Nimble (7.3.0)
  - Quick (1.3.1)
  - SDWebImage (4.2.2):
    - SDWebImage/Core (= 4.2.2)
  - SDWebImage/Core (4.2.2)

DEPENDENCIES:
  - Nimble
  - Quick
  - SDWebImage

SPEC REPOS:
  https://github.com/cocoapods/specs.git:
    - Nimble
    - Quick
    - SDWebImage

SPEC CHECKSUMS:
  Nimble: c8d6a1f463701921c46de965c673e13cafa09196
  Quick: d17304d58d0d169dd0bd1c6e5c28e3318de32a1a
  SDWebImage: 89a9d32cd520bbb46eb14e541d5109b3564af198

PODFILE CHECKSUM: 39881d77ac68f258776be71e0152fe5cc959222d

COCOAPODS: 1.5.3
