PODS:
  - Nimble (9.0.0)
  - Quick (3.0.0)
  - SDWebImage (5.10.2):
    - SDWebImage/Core (= 5.10.2)
  - SDWebImage/Core (5.10.2)

DEPENDENCIES:
  - Nimble
  - Quick
  - SDWebImage

SPEC REPOS:
  trunk:
    - Nimble
    - Quick
    - SDWebImage

SPEC CHECKSUMS:
  Nimble: 3b4ec3fd40f1dc178058e0981107721c615643d8
  Quick: 6d9559f40647bc4d510103842ef2fdd882d753e2
  SDWebImage: b969dcfc02c40a5da71eac0b03b8f1a0c794a86f

PODFILE CHECKSUM: c5bc1dd8fe79750b945174cd36e894394eb5f0c9

COCOAPODS: 1.10.0
