PODS:
  - Nimble (5.0.0)
  - Quick (0.10.0)
  - SDWebImage (3.8.2):
    - SDWebImage/Core (= 3.8.2)
  - SDWebImage/Core (3.8.2)

DEPENDENCIES:
  - Nimble
  - Quick
  - SDWebImage

SPEC CHECKSUMS:
  Nimble: 56fc9f5020effa2206de22c3dd910f4fb011b92f
  Quick: 5d290df1c69d5ee2f0729956dcf0fd9a30447eaa
  SDWebImage: 098e97e6176540799c27e804c96653ee0833d13c

PODFILE CHECKSUM: 828c9829614ac5b85a0b667ebf3caceb5ca55a25

COCOAPODS: 1.1.0.rc.2
